
Microsoft Visual Studio Solution File, Format Version 12.00
# Visual Studio Version 17
VisualStudioVersion = 17.8.34511.84
MinimumVisualStudioVersion = 10.0.40219.1
Project("{FAE04EC0-301F-11D3-BF4B-00C04F79EFBC}") = "CarConstructor", "CarConstructor\CarConstructor.csproj", "{C8E82ACF-8AD3-446A-A6DE-917123A179C0}"
EndProject
Project("{FAE04EC0-301F-11D3-BF4B-00C04F79EFBC}") = "CarConstructor.Specs", "..\CarConstructor.Specs\CarConstructor.Specs.csproj", "{61E562B0-53F4-4F2A-BDF2-3315AB2A36C8}"
EndProject
Global
	GlobalSection(SolutionConfigurationPlatforms) = preSolution
		Debug|Any CPU = Debug|Any CPU
		Release|Any CPU = Release|Any CPU
	EndGlobalSection
	GlobalSection(ProjectConfigurationPlatforms) = postSolution
		{C8E82ACF-8AD3-446A-A6DE-917123A179C0}.Debug|Any CPU.ActiveCfg = Debug|Any CPU
		{C8E82ACF-8AD3-446A-A6DE-917123A179C0}.Debug|Any CPU.Build.0 = Debug|Any CPU
		{C8E82ACF-8AD3-446A-A6DE-917123A179C0}.Release|Any CPU.ActiveCfg = Release|Any CPU
		{C8E82ACF-8AD3-446A-A6DE-917123A179C0}.Release|Any CPU.Build.0 = Release|Any CPU
		{61E562B0-53F4-4F2A-BDF2-3315AB2A36C8}.Debug|Any CPU.ActiveCfg = Debug|Any CPU
		{61E562B0-53F4-4F2A-BDF2-3315AB2A36C8}.Debug|Any CPU.Build.0 = Debug|Any CPU
		{61E562B0-53F4-4F2A-BDF2-3315AB2A36C8}.Release|Any CPU.ActiveCfg = Release|Any CPU
		{61E562B0-53F4-4F2A-BDF2-3315AB2A36C8}.Release|Any CPU.Build.0 = Release|Any CPU
	EndGlobalSection
	GlobalSection(SolutionProperties) = preSolution
		HideSolutionNode = FALSE
	EndGlobalSection
	GlobalSection(ExtensibilityGlobals) = postSolution
		SolutionGuid = {257983CD-5D95-4BCB-86DF-307F66F3F6B5}
	EndGlobalSection
EndGlobal
